
Microsoft Visual Studio Solution File, Format Version 12.00
# Visual Studio Version 17
VisualStudioVersion = 17.5.002.0
MinimumVisualStudioVersion = 10.0.40219.1
Project("{2150E333-8FDC-42A3-9474-1A3956D46DE8}") = "csharp-prep", "csharp-prep", "{6D28B3F4-F7F8-45B1-92BB-37582E205B54}"
EndProject
Project("{9A19103F-16F7-4668-BE54-9A1E7A4F7556}") = "Prep1", "csharp-prep\Prep1\Prep1.csproj", "{938E3C60-828A-4473-B06D-6ADFEADCA9D5}"
EndProject
Project("{9A19103F-16F7-4668-BE54-9A1E7A4F7556}") = "Prep2", "csharp-prep\Prep2\Prep2.csproj", "{CF7E704C-79C1-4255-8E57-D92AAC29D0D8}"
EndProject
Project("{9A19103F-16F7-4668-BE54-9A1E7A4F7556}") = "Prep3", "csharp-prep\Prep3\Prep3.csproj", "{3854A4C2-A9B6-46D7-847E-220572AC3611}"
EndProject
Project("{9A19103F-16F7-4668-BE54-9A1E7A4F7556}") = "Prep4", "csharp-prep\Prep4\Prep4.csproj", "{E5276BBC-0E51-4665-8982-A5B971651D25}"
EndProject
Project("{9A19103F-16F7-4668-BE54-9A1E7A4F7556}") = "Prep5", "csharp-prep\Prep5\Prep5.csproj", "{1BE80620-8F4C-4F43-8B37-FBE8AAAF154A}"
EndProject
Project("{2150E333-8FDC-42A3-9474-1A3956D46DE8}") = "final", "final", "{58FE4A0F-5BD7-498C-824D-292F487E1921}"
EndProject
Project("{9A19103F-16F7-4668-BE54-9A1E7A4F7556}") = "FinalProject", "final\FinalProject\FinalProject.csproj", "{6265EE05-ED8F-4AF9-B1BA-1EF0185A4EF4}"
EndProject
Project("{9A19103F-16F7-4668-BE54-9A1E7A4F7556}") = "Foundation1", "final\Foundation1\Foundation1.csproj", "{CDE42951-B54A-4553-94DA-731FFAD4D840}"
EndProject
Project("{9A19103F-16F7-4668-BE54-9A1E7A4F7556}") = "Foundation2", "final\Foundation2\Foundation2.csproj", "{1499F2A2-8DF4-4448-A951-B6EA7B1BA9AD}"
EndProject
Project("{9A19103F-16F7-4668-BE54-9A1E7A4F7556}") = "Foundation3", "final\Foundation3\Foundation3.csproj", "{300680B9-4210-4644-85C7-25117394F930}"
EndProject
Project("{9A19103F-16F7-4668-BE54-9A1E7A4F7556}") = "Foundation4", "final\Foundation4\Foundation4.csproj", "{DF2ED6A3-A4DB-4E89-8306-760284E92C5D}"
EndProject
Project("{2150E333-8FDC-42A3-9474-1A3956D46DE8}") = "prepare", "prepare", "{C71F04B0-E173-450E-94D9-1088A414E476}"
EndProject
Project("{9A19103F-16F7-4668-BE54-9A1E7A4F7556}") = "Learning02", "prepare\Learning02\Learning02.csproj", "{224420C0-EB92-4C95-A442-4CD4AF5335B0}"
EndProject
Project("{9A19103F-16F7-4668-BE54-9A1E7A4F7556}") = "Learning03", "prepare\Learning03\Learning03.csproj", "{892A51D0-E170-499B-AC44-9A6037851740}"
EndProject
Project("{9A19103F-16F7-4668-BE54-9A1E7A4F7556}") = "Learning04", "prepare\Learning04\Learning04.csproj", "{0502EC31-5C06-4091-B09F-27318DF86F62}"
EndProject
Project("{9A19103F-16F7-4668-BE54-9A1E7A4F7556}") = "Learning05", "prepare\Learning05\Learning05.csproj", "{BA607DFD-E264-4E4F-A090-18608A12EED2}"
EndProject
Project("{2150E333-8FDC-42A3-9474-1A3956D46DE8}") = "prove", "prove", "{D4C86364-3F87-4442-A86A-4CCB52B640D6}"
EndProject
Project("{9A19103F-16F7-4668-BE54-9A1E7A4F7556}") = "Develop02", "prove\Develop02\Develop02.csproj", "{219286E5-F481-4134-AC46-E59131BBF83B}"
EndProject
Project("{9A19103F-16F7-4668-BE54-9A1E7A4F7556}") = "Develop03", "prove\Develop03\Develop03.csproj", "{31C5D60C-452F-4B50-8CC2-69CDEDE9C8CA}"
EndProject
Project("{9A19103F-16F7-4668-BE54-9A1E7A4F7556}") = "Develop04", "prove\Develop04\Develop04.csproj", "{7759F2EE-77E9-4F87-8C5E-A3AB97C1E499}"
EndProject
Project("{9A19103F-16F7-4668-BE54-9A1E7A4F7556}") = "Develop05", "prove\Develop05\Develop05.csproj", "{8AE0E02E-8D3E-40A3-9E20-526351B1B13E}"
EndProject
Project("{2150E333-8FDC-42A3-9474-1A3956D46DE8}") = "sandbox", "sandbox", "{14AF2918-859D-4970-BB23-B76024DFDC87}"
EndProject
Project("{9A19103F-16F7-4668-BE54-9A1E7A4F7556}") = "Sandbox", "sandbox\Sandbox\Sandbox.csproj", "{100890E2-F53F-41E7-BE2B-558A16251E12}"
EndProject
Global
	GlobalSection(SolutionConfigurationPlatforms) = preSolution
		Debug|Any CPU = Debug|Any CPU
		Release|Any CPU = Release|Any CPU
	EndGlobalSection
	GlobalSection(ProjectConfigurationPlatforms) = postSolution
		{938E3C60-828A-4473-B06D-6ADFEADCA9D5}.Debug|Any CPU.ActiveCfg = Debug|Any CPU
		{938E3C60-828A-4473-B06D-6ADFEADCA9D5}.Debug|Any CPU.Build.0 = Debug|Any CPU
		{938E3C60-828A-4473-B06D-6ADFEADCA9D5}.Release|Any CPU.ActiveCfg = Release|Any CPU
		{938E3C60-828A-4473-B06D-6ADFEADCA9D5}.Release|Any CPU.Build.0 = Release|Any CPU
		{CF7E704C-79C1-4255-8E57-D92AAC29D0D8}.Debug|Any CPU.ActiveCfg = Debug|Any CPU
		{CF7E704C-79C1-4255-8E57-D92AAC29D0D8}.Debug|Any CPU.Build.0 = Debug|Any CPU
		{CF7E704C-79C1-4255-8E57-D92AAC29D0D8}.Release|Any CPU.ActiveCfg = Release|Any CPU
		{CF7E704C-79C1-4255-8E57-D92AAC29D0D8}.Release|Any CPU.Build.0 = Release|Any CPU
		{3854A4C2-A9B6-46D7-847E-220572AC3611}.Debug|Any CPU.ActiveCfg = Debug|Any CPU
		{3854A4C2-A9B6-46D7-847E-220572AC3611}.Debug|Any CPU.Build.0 = Debug|Any CPU
		{3854A4C2-A9B6-46D7-847E-220572AC3611}.Release|Any CPU.ActiveCfg = Release|Any CPU
		{3854A4C2-A9B6-46D7-847E-220572AC3611}.Release|Any CPU.Build.0 = Release|Any CPU
		{E5276BBC-0E51-4665-8982-A5B971651D25}.Debug|Any CPU.ActiveCfg = Debug|Any CPU
		{E5276BBC-0E51-4665-8982-A5B971651D25}.Debug|Any CPU.Build.0 = Debug|Any CPU
		{E5276BBC-0E51-4665-8982-A5B971651D25}.Release|Any CPU.ActiveCfg = Release|Any CPU
		{E5276BBC-0E51-4665-8982-A5B971651D25}.Release|Any CPU.Build.0 = Release|Any CPU
		{1BE80620-8F4C-4F43-8B37-FBE8AAAF154A}.Debug|Any CPU.ActiveCfg = Debug|Any CPU
		{1BE80620-8F4C-4F43-8B37-FBE8AAAF154A}.Debug|Any CPU.Build.0 = Debug|Any CPU
		{1BE80620-8F4C-4F43-8B37-FBE8AAAF154A}.Release|Any CPU.ActiveCfg = Release|Any CPU
		{1BE80620-8F4C-4F43-8B37-FBE8AAAF154A}.Release|Any CPU.Build.0 = Release|Any CPU
		{6265EE05-ED8F-4AF9-B1BA-1EF0185A4EF4}.Debug|Any CPU.ActiveCfg = Debug|Any CPU
		{6265EE05-ED8F-4AF9-B1BA-1EF0185A4EF4}.Debug|Any CPU.Build.0 = Debug|Any CPU
		{6265EE05-ED8F-4AF9-B1BA-1EF0185A4EF4}.Release|Any CPU.ActiveCfg = Release|Any CPU
		{6265EE05-ED8F-4AF9-B1BA-1EF0185A4EF4}.Release|Any CPU.Build.0 = Release|Any CPU
		{CDE42951-B54A-4553-94DA-731FFAD4D840}.Debug|Any CPU.ActiveCfg = Debug|Any CPU
		{CDE42951-B54A-4553-94DA-731FFAD4D840}.Debug|Any CPU.Build.0 = Debug|Any CPU
		{CDE42951-B54A-4553-94DA-731FFAD4D840}.Release|Any CPU.ActiveCfg = Release|Any CPU
		{CDE42951-B54A-4553-94DA-731FFAD4D840}.Release|Any CPU.Build.0 = Release|Any CPU
		{1499F2A2-8DF4-4448-A951-B6EA7B1BA9AD}.Debug|Any CPU.ActiveCfg = Debug|Any CPU
		{1499F2A2-8DF4-4448-A951-B6EA7B1BA9AD}.Debug|Any CPU.Build.0 = Debug|Any CPU
		{1499F2A2-8DF4-4448-A951-B6EA7B1BA9AD}.Release|Any CPU.ActiveCfg = Release|Any CPU
		{1499F2A2-8DF4-4448-A951-B6EA7B1BA9AD}.Release|Any CPU.Build.0 = Release|Any CPU
		{300680B9-4210-4644-85C7-25117394F930}.Debug|Any CPU.ActiveCfg = Debug|Any CPU
		{300680B9-4210-4644-85C7-25117394F930}.Debug|Any CPU.Build.0 = Debug|Any CPU
		{300680B9-4210-4644-85C7-25117394F930}.Release|Any CPU.ActiveCfg = Release|Any CPU
		{300680B9-4210-4644-85C7-25117394F930}.Release|Any CPU.Build.0 = Release|Any CPU
		{DF2ED6A3-A4DB-4E89-8306-760284E92C5D}.Debug|Any CPU.ActiveCfg = Debug|Any CPU
		{DF2ED6A3-A4DB-4E89-8306-760284E92C5D}.Debug|Any CPU.Build.0 = Debug|Any CPU
		{DF2ED6A3-A4DB-4E89-8306-760284E92C5D}.Release|Any CPU.ActiveCfg = Release|Any CPU
		{DF2ED6A3-A4DB-4E89-8306-760284E92C5D}.Release|Any CPU.Build.0 = Release|Any CPU
		{224420C0-EB92-4C95-A442-4CD4AF5335B0}.Debug|Any CPU.ActiveCfg = Debug|Any CPU
		{224420C0-EB92-4C95-A442-4CD4AF5335B0}.Debug|Any CPU.Build.0 = Debug|Any CPU
		{224420C0-EB92-4C95-A442-4CD4AF5335B0}.Release|Any CPU.ActiveCfg = Release|Any CPU
		{224420C0-EB92-4C95-A442-4CD4AF5335B0}.Release|Any CPU.Build.0 = Release|Any CPU
		{892A51D0-E170-499B-AC44-9A6037851740}.Debug|Any CPU.ActiveCfg = Debug|Any CPU
		{892A51D0-E170-499B-AC44-9A6037851740}.Debug|Any CPU.Build.0 = Debug|Any CPU
		{892A51D0-E170-499B-AC44-9A6037851740}.Release|Any CPU.ActiveCfg = Release|Any CPU
		{892A51D0-E170-499B-AC44-9A6037851740}.Release|Any CPU.Build.0 = Release|Any CPU
		{0502EC31-5C06-4091-B09F-27318DF86F62}.Debug|Any CPU.ActiveCfg = Debug|Any CPU
		{0502EC31-5C06-4091-B09F-27318DF86F62}.Debug|Any CPU.Build.0 = Debug|Any CPU
		{0502EC31-5C06-4091-B09F-27318DF86F62}.Release|Any CPU.ActiveCfg = Release|Any CPU
		{0502EC31-5C06-4091-B09F-27318DF86F62}.Release|Any CPU.Build.0 = Release|Any CPU
		{BA607DFD-E264-4E4F-A090-18608A12EED2}.Debug|Any CPU.ActiveCfg = Debug|Any CPU
		{BA607DFD-E264-4E4F-A090-18608A12EED2}.Debug|Any CPU.Build.0 = Debug|Any CPU
		{BA607DFD-E264-4E4F-A090-18608A12EED2}.Release|Any CPU.ActiveCfg = Release|Any CPU
		{BA607DFD-E264-4E4F-A090-18608A12EED2}.Release|Any CPU.Build.0 = Release|Any CPU
		{219286E5-F481-4134-AC46-E59131BBF83B}.Debug|Any CPU.ActiveCfg = Debug|Any CPU
		{219286E5-F481-4134-AC46-E59131BBF83B}.Debug|Any CPU.Build.0 = Debug|Any CPU
		{219286E5-F481-4134-AC46-E59131BBF83B}.Release|Any CPU.ActiveCfg = Release|Any CPU
		{219286E5-F481-4134-AC46-E59131BBF83B}.Release|Any CPU.Build.0 = Release|Any CPU
		{31C5D60C-452F-4B50-8CC2-69CDEDE9C8CA}.Debug|Any CPU.ActiveCfg = Debug|Any CPU
		{31C5D60C-452F-4B50-8CC2-69CDEDE9C8CA}.Debug|Any CPU.Build.0 = Debug|Any CPU
		{31C5D60C-452F-4B50-8CC2-69CDEDE9C8CA}.Release|Any CPU.ActiveCfg = Release|Any CPU
		{31C5D60C-452F-4B50-8CC2-69CDEDE9C8CA}.Release|Any CPU.Build.0 = Release|Any CPU
		{7759F2EE-77E9-4F87-8C5E-A3AB97C1E499}.Debug|Any CPU.ActiveCfg = Debug|Any CPU
		{7759F2EE-77E9-4F87-8C5E-A3AB97C1E499}.Debug|Any CPU.Build.0 = Debug|Any CPU
		{7759F2EE-77E9-4F87-8C5E-A3AB97C1E499}.Release|Any CPU.ActiveCfg = Release|Any CPU
		{7759F2EE-77E9-4F87-8C5E-A3AB97C1E499}.Release|Any CPU.Build.0 = Release|Any CPU
		{8AE0E02E-8D3E-40A3-9E20-526351B1B13E}.Debug|Any CPU.ActiveCfg = Debug|Any CPU
		{8AE0E02E-8D3E-40A3-9E20-526351B1B13E}.Debug|Any CPU.Build.0 = Debug|Any CPU
		{8AE0E02E-8D3E-40A3-9E20-526351B1B13E}.Release|Any CPU.ActiveCfg = Release|Any CPU
		{8AE0E02E-8D3E-40A3-9E20-526351B1B13E}.Release|Any CPU.Build.0 = Release|Any CPU
		{100890E2-F53F-41E7-BE2B-558A16251E12}.Debug|Any CPU.ActiveCfg = Debug|Any CPU
		{100890E2-F53F-41E7-BE2B-558A16251E12}.Debug|Any CPU.Build.0 = Debug|Any CPU
		{100890E2-F53F-41E7-BE2B-558A16251E12}.Release|Any CPU.ActiveCfg = Release|Any CPU
		{100890E2-F53F-41E7-BE2B-558A16251E12}.Release|Any CPU.Build.0 = Release|Any CPU
	EndGlobalSection
	GlobalSection(SolutionProperties) = preSolution
		HideSolutionNode = FALSE
	EndGlobalSection
	GlobalSection(NestedProjects) = preSolution
		{938E3C60-828A-4473-B06D-6ADFEADCA9D5} = {6D28B3F4-F7F8-45B1-92BB-37582E205B54}
		{CF7E704C-79C1-4255-8E57-D92AAC29D0D8} = {6D28B3F4-F7F8-45B1-92BB-37582E205B54}
		{3854A4C2-A9B6-46D7-847E-220572AC3611} = {6D28B3F4-F7F8-45B1-92BB-37582E205B54}
		{E5276BBC-0E51-4665-8982-A5B971651D25} = {6D28B3F4-F7F8-45B1-92BB-37582E205B54}
		{1BE80620-8F4C-4F43-8B37-FBE8AAAF154A} = {6D28B3F4-F7F8-45B1-92BB-37582E205B54}
		{6265EE05-ED8F-4AF9-B1BA-1EF0185A4EF4} = {58FE4A0F-5BD7-498C-824D-292F487E1921}
		{CDE42951-B54A-4553-94DA-731FFAD4D840} = {58FE4A0F-5BD7-498C-824D-292F487E1921}
		{1499F2A2-8DF4-4448-A951-B6EA7B1BA9AD} = {58FE4A0F-5BD7-498C-824D-292F487E1921}
		{300680B9-4210-4644-85C7-25117394F930} = {58FE4A0F-5BD7-498C-824D-292F487E1921}
		{DF2ED6A3-A4DB-4E89-8306-760284E92C5D} = {58FE4A0F-5BD7-498C-824D-292F487E1921}
		{224420C0-EB92-4C95-A442-4CD4AF5335B0} = {C71F04B0-E173-450E-94D9-1088A414E476}
		{892A51D0-E170-499B-AC44-9A6037851740} = {C71F04B0-E173-450E-94D9-1088A414E476}
		{0502EC31-5C06-4091-B09F-27318DF86F62} = {C71F04B0-E173-450E-94D9-1088A414E476}
		{BA607DFD-E264-4E4F-A090-18608A12EED2} = {C71F04B0-E173-450E-94D9-1088A414E476}
		{219286E5-F481-4134-AC46-E59131BBF83B} = {D4C86364-3F87-4442-A86A-4CCB52B640D6}
		{31C5D60C-452F-4B50-8CC2-69CDEDE9C8CA} = {D4C86364-3F87-4442-A86A-4CCB52B640D6}
		{7759F2EE-77E9-4F87-8C5E-A3AB97C1E499} = {D4C86364-3F87-4442-A86A-4CCB52B640D6}
		{8AE0E02E-8D3E-40A3-9E20-526351B1B13E} = {D4C86364-3F87-4442-A86A-4CCB52B640D6}
		{100890E2-F53F-41E7-BE2B-558A16251E12} = {14AF2918-859D-4970-BB23-B76024DFDC87}
	EndGlobalSection
	GlobalSection(ExtensibilityGlobals) = postSolution
		SolutionGuid = {CF9C6071-2B4C-4225-8507-81C386101BF6}
	EndGlobalSection
EndGlobal
